// !$*UTF8*$!
{
	archiveVersion = 1;
	classes = {
	};
	objectVersion = 46;
	objects = {

/* Begin PBXBuildFile section */
		2424187AF48AB52A5F655184 /* main.m in Sources */ = {isa = PBXBuildFile; fileRef = 24241F7D3C9139EF242E09CE /* main.m */; };
		2424198C3772C0EE59AA831C /* Foundation.framework in Frameworks */ = {isa = PBXBuildFile; fileRef = 24241B0D7985267609CCCBAE /* Foundation.framework */; };
/* End PBXBuildFile section */

/* Begin PBXCopyFilesBuildPhase section */
		24241AB82E98099F6F147A55 /* CopyFiles */ = {
			isa = PBXCopyFilesBuildPhase;
			buildActionMask = 2147483647;
			dstPath = /usr/share/man/man1/;
			dstSubfolderSpec = 0;
			files = (
			);
			runOnlyForDeploymentPostprocessing = 1;
		};
/* End PBXCopyFilesBuildPhase section */

/* Begin PBXFileReference section */
		242411C415CC2D580521AFB0 /* SKtest.1 */ = {isa = PBXFileReference; lastKnownFileType = text.man; path = SKtest.1; sourceTree = "<group>"; };
		24241B0D7985267609CCCBAE /* Foundation.framework */ = {isa = PBXFileReference; lastKnownFileType = wrapper.framework; name = Foundation.framework; path = System/Library/Frameworks/Foundation.framework; sourceTree = SDKROOT; };
		24241CA2788863CC9B8553F0 /* SKtest-Prefix.pch */ = {isa = PBXFileReference; lastKnownFileType = sourcecode.c.h; path = "SKtest-Prefix.pch"; sourceTree = "<group>"; };
		24241E613F019FDFB0964FCB /* SKtest */ = {isa = PBXFileReference; explicitFileType = "compiled.mach-o.executable"; includeInIndex = 0; path = SKtest; sourceTree = BUILT_PRODUCTS_DIR; };
		24241F7D3C9139EF242E09CE /* main.m */ = {isa = PBXFileReference; lastKnownFileType = sourcecode.c.objc; path = main.m; sourceTree = "<group>"; };
/* End PBXFileReference section */

/* Begin PBXFrameworksBuildPhase section */
		24241D3C91EC52322123BA8B /* Frameworks */ = {
			isa = PBXFrameworksBuildPhase;
			buildActionMask = 2147483647;
			files = (
				2424198C3772C0EE59AA831C /* Foundation.framework in Frameworks */,
			);
			runOnlyForDeploymentPostprocessing = 0;
		};
/* End PBXFrameworksBuildPhase section */

/* Begin PBXGroup section */
		242412EC237BEF7B61B4C9F8 = {
			isa = PBXGroup;
			children = (
				24241B53C6F45784570FABA7 /* Products */,
				242419C4A38455663AAEECDD /* Frameworks */,
				242414BE2D0A955EFF40F053 /* SKtest */,
			);
			sourceTree = "<group>";
		};
		242414BE2D0A955EFF40F053 /* SKtest */ = {
			isa = PBXGroup;
			children = (
				24241F7D3C9139EF242E09CE /* main.m */,
				24241A46356B41E9BE84A41E /* Supporting Files */,
				242411C415CC2D580521AFB0 /* SKtest.1 */,
			);
			path = SKtest;
			sourceTree = "<group>";
		};
		242419C4A38455663AAEECDD /* Frameworks */ = {
			isa = PBXGroup;
			children = (
				24241B0D7985267609CCCBAE /* Foundation.framework */,
			);
			name = Frameworks;
			sourceTree = "<group>";
		};
		24241A46356B41E9BE84A41E /* Supporting Files */ = {
			isa = PBXGroup;
			children = (
				24241CA2788863CC9B8553F0 /* SKtest-Prefix.pch */,
			);
			name = "Supporting Files";
			sourceTree = "<group>";
		};
		24241B53C6F45784570FABA7 /* Products */ = {
			isa = PBXGroup;
			children = (
				24241E613F019FDFB0964FCB /* SKtest */,
			);
			name = Products;
			sourceTree = "<group>";
		};
/* End PBXGroup section */

/* Begin PBXNativeTarget section */
		24241F1BBDCC5C3E853FE806 /* SKtest */ = {
			isa = PBXNativeTarget;
			buildConfigurationList = 24241F58E9361A3A19C010F9 /* Build configuration list for PBXNativeTarget "SKtest" */;
			buildPhases = (
				242410CCCF9ABE982D868282 /* Sources */,
				24241D3C91EC52322123BA8B /* Frameworks */,
				24241AB82E98099F6F147A55 /* CopyFiles */,
			);
			buildRules = (
			);
			dependencies = (
			);
			name = SKtest;
			productName = SKtest;
			productReference = 24241E613F019FDFB0964FCB /* SKtest */;
			productType = "com.apple.product-type.tool";
		};
/* End PBXNativeTarget section */

/* Begin PBXProject section */
		2424111FA152F0292C02D990 /* Project object */ = {
			isa = PBXProject;
			attributes = {
				ORGANIZATIONNAME = AAAA;
			};
			buildConfigurationList = 24241B9EB4E5C85681A33F81 /* Build configuration list for PBXProject "SKtest" */;
			compatibilityVersion = "Xcode 3.2";
			developmentRegion = English;
			hasScannedForEncodings = 0;
			knownRegions = (
				en,
			);
			mainGroup = 242412EC237BEF7B61B4C9F8;
			productRefGroup = 24241B53C6F45784570FABA7 /* Products */;
			projectDirPath = "";
			projectRoot = "";
			targets = (
				24241F1BBDCC5C3E853FE806 /* SKtest */,
			);
		};
/* End PBXProject section */

/* Begin PBXSourcesBuildPhase section */
		242410CCCF9ABE982D868282 /* Sources */ = {
			isa = PBXSourcesBuildPhase;
			buildActionMask = 2147483647;
			files = (
				2424187AF48AB52A5F655184 /* main.m in Sources */,
			);
			runOnlyForDeploymentPostprocessing = 0;
		};
/* End PBXSourcesBuildPhase section */

/* Begin XCBuildConfiguration section */
		242412C984E3973B91B8242D /* Debug */ = {
			isa = XCBuildConfiguration;
			buildSettings = {
				ALWAYS_SEARCH_USER_PATHS = NO;
				CLANG_CXX_LANGUAGE_STANDARD = "gnu++0x";
				CLANG_CXX_LIBRARY = "libc++";
				CLANG_ENABLE_MODULES = YES;
				CLANG_ENABLE_OBJC_ARC = YES;
				CLANG_WARN_BOOL_CONVERSION = YES;
				CLANG_WARN_CONSTANT_CONVERSION = YES;
				CLANG_WARN_DIRECT_OBJC_ISA_USAGE = YES_ERROR;
				CLANG_WARN_EMPTY_BODY = YES;
				CLANG_WARN_ENUM_CONVERSION = YES;
				CLANG_WARN_INT_CONVERSION = YES;
				CLANG_WARN_OBJC_ROOT_CLASS = YES_ERROR;
				CLANG_WARN__DUPLICATE_METHOD_MATCH = YES;
				COPY_PHASE_STRIP = NO;
				GCC_C_LANGUAGE_STANDARD = gnu99;
				GCC_DYNAMIC_NO_PIC = NO;
				GCC_ENABLE_OBJC_EXCEPTIONS = YES;
				GCC_OPTIMIZATION_LEVEL = 0;
				GCC_PREPROCESSOR_DEFINITIONS = (
					"DEBUG=1",
					"$(inherited)",
				);
				GCC_SYMBOLS_PRIVATE_EXTERN = NO;
				GCC_WARN_64_TO_32_BIT_CONVERSION = YES;
				GCC_WARN_ABOUT_RETURN_TYPE = YES_ERROR;
				GCC_WARN_UNDECLARED_SELECTOR = YES;
				GCC_WARN_UNINITIALIZED_AUTOS = YES_AGGRESSIVE;
				GCC_WARN_UNUSED_FUNCTION = YES;
				GCC_WARN_UNUSED_VARIABLE = YES;
				MACOSX_DEPLOYMENT_TARGET = 10.9;
				ONLY_ACTIVE_ARCH = YES;
				SDKROOT = macosx;
			};
			name = Debug;
		};
		242414FF8042889B1FCAFCF1 /* Debug */ = {
			isa = XCBuildConfiguration;
			buildSettings = {
				GCC_PRECOMPILE_PREFIX_HEADER = YES;
				GCC_PREFIX_HEADER = "SKtest/SKtest-Prefix.pch";
				PRODUCT_NAME = "$(TARGET_NAME)";
			};
			name = Debug;
		};
		24241BB50E5164BF1C295171 /* Release */ = {
			isa = XCBuildConfiguration;
			buildSettings = {
				ALWAYS_SEARCH_USER_PATHS = NO;
				CLANG_CXX_LANGUAGE_STANDARD = "gnu++0x";
				CLANG_CXX_LIBRARY = "libc++";
				CLANG_ENABLE_MODULES = YES;
				CLANG_ENABLE_OBJC_ARC = YES;
				CLANG_WARN_BOOL_CONVERSION = YES;
				CLANG_WARN_CONSTANT_CONVERSION = YES;
				CLANG_WARN_DIRECT_OBJC_ISA_USAGE = YES_ERROR;
				CLANG_WARN_EMPTY_BODY = YES;
				CLANG_WARN_ENUM_CONVERSION = YES;
				CLANG_WARN_INT_CONVERSION = YES;
				CLANG_WARN_OBJC_ROOT_CLASS = YES_ERROR;
				CLANG_WARN__DUPLICATE_METHOD_MATCH = YES;
				COPY_PHASE_STRIP = YES;
				DEBUG_INFORMATION_FORMAT = "dwarf-with-dsym";
				ENABLE_NS_ASSERTIONS = NO;
				GCC_C_LANGUAGE_STANDARD = gnu99;
				GCC_ENABLE_OBJC_EXCEPTIONS = YES;
				GCC_WARN_64_TO_32_BIT_CONVERSION = YES;
				GCC_WARN_ABOUT_RETURN_TYPE = YES_ERROR;
				GCC_WARN_UNDECLARED_SELECTOR = YES;
				GCC_WARN_UNINITIALIZED_AUTOS = YES_AGGRESSIVE;
				GCC_WARN_UNUSED_FUNCTION = YES;
				GCC_WARN_UNUSED_VARIABLE = YES;
				MACOSX_DEPLOYMENT_TARGET = 10.9;
				SDKROOT = macosx;
			};
			name = Release;
		};
		24241D59EC71A49E88BD4D3F /* Release */ = {
			isa = XCBuildConfiguration;
			buildSettings = {
				GCC_PRECOMPILE_PREFIX_HEADER = YES;
				GCC_PREFIX_HEADER = "SKtest/SKtest-Prefix.pch";
				PRODUCT_NAME = "$(TARGET_NAME)";
			};
			name = Release;
		};
/* End XCBuildConfiguration section */

/* Begin XCConfigurationList section */
		24241B9EB4E5C85681A33F81 /* Build configuration list for PBXProject "SKtest" */ = {
			isa = XCConfigurationList;
			buildConfigurations = (
				24241BB50E5164BF1C295171 /* Release */,
				242412C984E3973B91B8242D /* Debug */,
			);
			defaultConfigurationIsVisible = 0;
			defaultConfigurationName = Release;
		};
		24241F58E9361A3A19C010F9 /* Build configuration list for PBXNativeTarget "SKtest" */ = {
			isa = XCConfigurationList;
			buildConfigurations = (
				24241D59EC71A49E88BD4D3F /* Release */,
				242414FF8042889B1FCAFCF1 /* Debug */,
			);
			defaultConfigurationIsVisible = 0;
		};
/* End XCConfigurationList section */
	};
	rootObject = 2424111FA152F0292C02D990 /* Project object */;
}
